github.com/kresna1174/go-module v1.0.0 h1:VmRvWWJtL9Y6y9P73Ep9dYPW121UhJ231KflUGkwOTI=
github.com/kresna1174/go-module v1.0.0/go.mod h1:ofCP7p98K2SUY4ptlNYtmU7PF4tQz3cJT6LgPQxakJI=
github.com/kresna1174/go-module v1.1.0 h1:9YzR8r83NyJRstbdwGcpZ5tjnVlQySFBVxsLzhIO6A4=
github.com/kresna1174/go-module v1.1.0/go.mod h1:ofCP7p98K2SUY4ptlNYtmU7PF4tQz3cJT6LgPQxakJI=
github.com/kresna1174/go-module/v2 v2.0.0 h1:Ngz56aDG6zziSI7JMDHaFWsv9N8PvjysxktvNGkmevc=
github.com/kresna1174/go-module/v2 v2.0.0/go.mod h1:mmqxwK+CTZaxOwT+NtpwAgT+W9yw/N3hF8iN1YSqKdY=
